github.com/dstotijn/go-notion v0.11.0 h1:v+ZUiyKd+UBk1SRkUSa86QOU5DP8ziSI4E7NFIS4rRU=
github.com/dstotijn/go-notion v0.11.0/go.mod h1:FWfmGRnE8Drm6CnNQQO7slXcu1lrKmRY2KfFgeq6Z2g=
github.com/jomei/notionapi v1.12.1 h1:X2IoTlU4h6szqVHVpM+Umau5lf4cxanTTQsbcm707HQ=
github.com/jomei/notionapi v1.12.1/go.mod h1:wgxFlmxL+oIfxclWkt8jta0PkcBepajish2uCxzBxTo=
github.com/pkg/errors v0.9.1 h1:FEBLx1zS214owpjy7qsBeixbURkuhQAwrK5UwLGTwt4=
github.com/pkg/errors v0.9.1/go.mod h1:bwawxfHBFNV+L2hUp1rHADufV3IMtnDRdf1r5NINEl0=
